
Microsoft Visual Studio Solution File, Format Version 12.00
# Visual Studio Version 17
VisualStudioVersion = 17.14.36518.9 d17.14
MinimumVisualStudioVersion = 10.0.40219.1
Project("{FAE04EC0-301F-11D3-BF4B-00C04F79EFBC}") = "ControlVersiones", "ControlVersiones\ControlVersiones.csproj", "{7726E247-C0D8-4133-A664-D201181C3EE9}"
EndProject
Global
	GlobalSection(SolutionConfigurationPlatforms) = preSolution
		Debug|Any CPU = Debug|Any CPU
		Release|Any CPU = Release|Any CPU
	EndGlobalSection
	GlobalSection(ProjectConfigurationPlatforms) = postSolution
		{7726E247-C0D8-4133-A664-D201181C3EE9}.Debug|Any CPU.ActiveCfg = Debug|Any CPU
		{7726E247-C0D8-4133-A664-D201181C3EE9}.Debug|Any CPU.Build.0 = Debug|Any CPU
		{7726E247-C0D8-4133-A664-D201181C3EE9}.Release|Any CPU.ActiveCfg = Release|Any CPU
		{7726E247-C0D8-4133-A664-D201181C3EE9}.Release|Any CPU.Build.0 = Release|Any CPU
	EndGlobalSection
	GlobalSection(SolutionProperties) = preSolution
		HideSolutionNode = FALSE
	EndGlobalSection
	GlobalSection(ExtensibilityGlobals) = postSolution
		SolutionGuid = {CB76815C-AC6F-49C6-8205-24422E3970D0}
	EndGlobalSection
EndGlobal
